# @generated - this file is auto-generated by `mise lock` https://mise.jdx.dev/dev-tools/mise-lock.html

lockfile_version = 2

[[tools.android-sdk]]
version = "22.0"
backend = "vfox:mise-plugins/vfox-android-sdk"
specifiers = ["22.0"]

[tools.android-sdk."platforms.linux-arm64"]
url = "https://dl.google.com/android/repository/commandlinetools-linux-15859902_latest.zip"

[tools.android-sdk."platforms.linux-arm64-musl"]
url = "https://dl.google.com/android/repository/commandlinetools-linux-15859902_latest.zip"

[tools.android-sdk."platforms.linux-x64"]
url = "https://dl.google.com/android/repository/commandlinetools-linux-15859902_latest.zip"

[tools.android-sdk."platforms.linux-x64-musl"]
url = "https://dl.google.com/android/repository/commandlinetools-linux-15859902_latest.zip"

[tools.android-sdk."platforms.macos-arm64"]
url = "https://dl.google.com/android/repository/commandlinetools-mac_arm64-15859902_latest.zip"

[tools.android-sdk."platforms.macos-x64"]
url = "https://dl.google.com/android/repository/commandlinetools-mac_x86_64-15859902_latest.zip"

[tools.android-sdk."platforms.windows-x64"]
url = "https://dl.google.com/android/repository/commandlinetools-win-15859902_latest.zip"

[[tools."github:AppImage/appimagetool"]]
version = "1.9.1"
backend = "github:AppImage/appimagetool"
specifiers = ["1.9.1"]

[tools."github:AppImage/appimagetool".options]
matching = ".AppImage"

[tools."github:AppImage/appimagetool"."platforms.linux-arm64"]
checksum = "sha256:f0837e7448a0c1e4e650a93bb3e85802546e60654ef287576f46c71c126a9158"
url = "https://github.com/AppImage/appimagetool/releases/download/1.9.1/appimagetool-aarch64.AppImage"
url_api = "https://api.github.com/repos/AppImage/appimagetool/releases/assets/324406707"

[tools."github:AppImage/appimagetool"."platforms.linux-arm64-musl"]
checksum = "sha256:f0837e7448a0c1e4e650a93bb3e85802546e60654ef287576f46c71c126a9158"
url = "https://github.com/AppImage/appimagetool/releases/download/1.9.1/appimagetool-aarch64.AppImage"
url_api = "https://api.github.com/repos/AppImage/appimagetool/releases/assets/324406707"

[tools."github:AppImage/appimagetool"."platforms.linux-x64"]
checksum = "sha256:ed4ce84f0d9caff66f50bcca6ff6f35aae54ce8135408b3fa33abfc3cb384eb0"
url = "https://github.com/AppImage/appimagetool/releases/download/1.9.1/appimagetool-x86_64.AppImage"
url_api = "https://api.github.com/repos/AppImage/appimagetool/releases/assets/324406736"

[tools."github:AppImage/appimagetool"."platforms.linux-x64-musl"]
checksum = "sha256:ed4ce84f0d9caff66f50bcca6ff6f35aae54ce8135408b3fa33abfc3cb384eb0"
url = "https://github.com/AppImage/appimagetool/releases/download/1.9.1/appimagetool-x86_64.AppImage"
url_api = "https://api.github.com/repos/AppImage/appimagetool/releases/assets/324406736"

[tools."github:AppImage/appimagetool"."platforms.macos-arm64"]
checksum = "sha256:f0837e7448a0c1e4e650a93bb3e85802546e60654ef287576f46c71c126a9158"
url = "https://github.com/AppImage/appimagetool/releases/download/1.9.1/appimagetool-aarch64.AppImage"
url_api = "https://api.github.com/repos/AppImage/appimagetool/releases/assets/324406707"

[tools."github:AppImage/appimagetool"."platforms.macos-x64"]
checksum = "sha256:ed4ce84f0d9caff66f50bcca6ff6f35aae54ce8135408b3fa33abfc3cb384eb0"
url = "https://github.com/AppImage/appimagetool/releases/download/1.9.1/appimagetool-x86_64.AppImage"
url_api = "https://api.github.com/repos/AppImage/appimagetool/releases/assets/324406736"

[tools."github:AppImage/appimagetool"."platforms.windows-x64"]
checksum = "sha256:ed4ce84f0d9caff66f50bcca6ff6f35aae54ce8135408b3fa33abfc3cb384eb0"
url = "https://github.com/AppImage/appimagetool/releases/download/1.9.1/appimagetool-x86_64.AppImage"
url_api = "https://api.github.com/repos/AppImage/appimagetool/releases/assets/324406736"

[[tools.java]]
version = "temurin-21.0.12+101.0.LTS"
backend = "core:java"
specifiers = ["temurin-21"]

[tools.java."platforms.linux-arm64"]
checksum = "sha256:23e37e026f12f3e706f18938ff611db3032d075b09d0879a25d06718c773e223"
url = "https://github.com/adoptium/temurin21-binaries/releases/download/jdk-21.0.12.1%2B1/OpenJDK21U-jdk_aarch64_linux_hotspot_21.0.12.1_1.tar.gz"

[tools.java."platforms.linux-arm64-musl"]
checksum = "sha256:8242627927adc90ac2561d0812dd39890ebc21ef09b550bc2e8b93640b8af4f8"
url = "https://github.com/adoptium/temurin21-binaries/releases/download/jdk-21.0.12.1%2B1/OpenJDK21U-jdk_aarch64_alpine-linux_hotspot_21.0.12.1_1.tar.gz"

[tools.java."platforms.linux-x64"]
checksum = "sha256:ce79869e1307ed8ee1e2baa86a412b1eb5b75d10a01006d788a6f968bcfaee94"
url = "https://github.com/adoptium/temurin21-binaries/releases/download/jdk-21.0.12.1%2B1/OpenJDK21U-jdk_x64_linux_hotspot_21.0.12.1_1.tar.gz"

[tools.java."platforms.linux-x64-musl"]
checksum = "sha256:bd8824214e42b33333c7f55a039ea078ad6ea6be20d7c5b011c801fb2bdb44f0"
url = "https://github.com/adoptium/temurin21-binaries/releases/download/jdk-21.0.12.1%2B1/OpenJDK21U-jdk_x64_alpine-linux_hotspot_21.0.12.1_1.tar.gz"

[tools.java."platforms.macos-arm64"]
checksum = "sha256:3623232f33a9c3baadf304480b2535f9a3cba8a58d42ecbb438ba267315d9998"
url = "https://github.com/adoptium/temurin21-binaries/releases/download/jdk-21.0.12.1%2B1/OpenJDK21U-jdk_aarch64_mac_hotspot_21.0.12.1_1.tar.gz"

[tools.java."platforms.macos-x64"]
checksum = "sha256:44db0f08196daf19a47f90d13388b0c943b67663cb537f998fe29e836fa842ce"
url = "https://github.com/adoptium/temurin21-binaries/releases/download/jdk-21.0.12.1%2B1/OpenJDK21U-jdk_x64_mac_hotspot_21.0.12.1_1.tar.gz"

[tools.java."platforms.windows-x64"]
checksum = "sha256:f9d6e191ab098c0d416e7d588a24420a8621cd2f4720dab2459b8b7b2d2d8b4e"
url = "https://github.com/adoptium/temurin21-binaries/releases/download/jdk-21.0.12.1%2B1/OpenJDK21U-jdk_x64_windows_hotspot_21.0.12.1_1.zip"

[[tools.nfpm]]
version = "2.47.0"
backend = "aqua:goreleaser/nfpm"
specifiers = ["2.47.0"]

[tools.nfpm."platforms.linux-arm64"]
checksum = "sha256:1c0f5f2999b9a974bfb04fdb0cc3306096de530ac5dbb25d739cc5f5219c919c"
url = "https://github.com/goreleaser/nfpm/releases/download/v2.47.0/nfpm_2.47.0_Linux_arm64.tar.gz"
url_api = "https://api.github.com/repos/goreleaser/nfpm/releases/assets/453316744"
provenance = "cosign"

[tools.nfpm."platforms.linux-arm64-musl"]
checksum = "sha256:1c0f5f2999b9a974bfb04fdb0cc3306096de530ac5dbb25d739cc5f5219c919c"
url = "https://github.com/goreleaser/nfpm/releases/download/v2.47.0/nfpm_2.47.0_Linux_arm64.tar.gz"
url_api = "https://api.github.com/repos/goreleaser/nfpm/releases/assets/453316744"
provenance = "cosign"

[tools.nfpm."platforms.linux-x64"]
checksum = "sha256:0660ca602b2d2d2ae4781a06c692b3eeb9d437ffea05b831d76e41f4a3188783"
url = "https://github.com/goreleaser/nfpm/releases/download/v2.47.0/nfpm_2.47.0_Linux_x86_64.tar.gz"
url_api = "https://api.github.com/repos/goreleaser/nfpm/releases/assets/453316748"
provenance = "cosign"

[tools.nfpm."platforms.linux-x64-musl"]
checksum = "sha256:0660ca602b2d2d2ae4781a06c692b3eeb9d437ffea05b831d76e41f4a3188783"
url = "https://github.com/goreleaser/nfpm/releases/download/v2.47.0/nfpm_2.47.0_Linux_x86_64.tar.gz"
url_api = "https://api.github.com/repos/goreleaser/nfpm/releases/assets/453316748"
provenance = "cosign"

[tools.nfpm."platforms.macos-arm64"]
checksum = "sha256:e8c9d1d9ac218eeed479375143dc46b8d51a2b8dbba8e2f9f15ecc8faa2e404b"
url = "https://github.com/goreleaser/nfpm/releases/download/v2.47.0/nfpm_2.47.0_Darwin_arm64.tar.gz"
url_api = "https://api.github.com/repos/goreleaser/nfpm/releases/assets/453316746"
provenance = "cosign"

[tools.nfpm."platforms.macos-x64"]
checksum = "sha256:2b04108f8757313dde92ed729560845aadfb7782887eb6988a5dd96f9c146861"
url = "https://github.com/goreleaser/nfpm/releases/download/v2.47.0/nfpm_2.47.0_Darwin_x86_64.tar.gz"
url_api = "https://api.github.com/repos/goreleaser/nfpm/releases/assets/453316747"
provenance = "cosign"

[tools.nfpm."platforms.windows-x64"]
checksum = "sha256:788f88a3bba0d89baa639aba54ba28b384958878700d440ce199a7ff4a567f11"
url = "https://github.com/goreleaser/nfpm/releases/download/v2.47.0/nfpm_2.47.0_Windows_x86_64.zip"
url_api = "https://api.github.com/repos/goreleaser/nfpm/releases/assets/453316741"
provenance = "cosign"
